
Microsoft Visual Studio Solution File, Format Version 12.00
# Visual Studio Version 16
VisualStudioVersion = 16.0.31025.194
MinimumVisualStudioVersion = 10.0.40219.1
Project("{FAE04EC0-301F-11D3-BF4B-00C04F79EFBC}") = "TimeSpanCalculation", "TimeSpanCalculation.csproj", "{1216F5F9-7652-47BC-A520-4454A2CBB931}"
EndProject
Global
	GlobalSection(SolutionConfigurationPlatforms) = preSolution
		Debug|Any CPU = Debug|Any CPU
		Release|Any CPU = Release|Any CPU
	EndGlobalSection
	GlobalSection(ProjectConfigurationPlatforms) = postSolution
		{1216F5F9-7652-47BC-A520-4454A2CBB931}.Debug|Any CPU.ActiveCfg = Debug|Any CPU
		{1216F5F9-7652-47BC-A520-4454A2CBB931}.Debug|Any CPU.Build.0 = Debug|Any CPU
		{1216F5F9-7652-47BC-A520-4454A2CBB931}.Release|Any CPU.ActiveCfg = Release|Any CPU
		{1216F5F9-7652-47BC-A520-4454A2CBB931}.Release|Any CPU.Build.0 = Release|Any CPU
	EndGlobalSection
	GlobalSection(SolutionProperties) = preSolution
		HideSolutionNode = FALSE
	EndGlobalSection
	GlobalSection(ExtensibilityGlobals) = postSolution
		SolutionGuid = {7CA43C4F-E6BF-4ACD-ACA2-8E04C23885F4}
	EndGlobalSection
EndGlobal
